
Microsoft Visual Studio Solution File, Format Version 12.00
# Visual Studio Version 17
VisualStudioVersion = 17.6.33723.286
MinimumVisualStudioVersion = 10.0.40219.1
Project("{FAE04EC0-301F-11D3-BF4B-00C04F79EFBC}") = "Programa misc", "Programa misc\Programa misc.csproj", "{BF913A32-8732-4E44-9E8F-AAA516049FEF}"
EndProject
Global
	GlobalSection(SolutionConfigurationPlatforms) = preSolution
		Debug|Any CPU = Debug|Any CPU
		Release|Any CPU = Release|Any CPU
	EndGlobalSection
	GlobalSection(ProjectConfigurationPlatforms) = postSolution
		{BF913A32-8732-4E44-9E8F-AAA516049FEF}.Debug|Any CPU.ActiveCfg = Debug|Any CPU
		{BF913A32-8732-4E44-9E8F-AAA516049FEF}.Debug|Any CPU.Build.0 = Debug|Any CPU
		{BF913A32-8732-4E44-9E8F-AAA516049FEF}.Release|Any CPU.ActiveCfg = Release|Any CPU
		{BF913A32-8732-4E44-9E8F-AAA516049FEF}.Release|Any CPU.Build.0 = Release|Any CPU
	EndGlobalSection
	GlobalSection(SolutionProperties) = preSolution
		HideSolutionNode = FALSE
	EndGlobalSection
	GlobalSection(ExtensibilityGlobals) = postSolution
		SolutionGuid = {52E256F6-CF93-47C1-B604-8BA76335EA47}
	EndGlobalSection
EndGlobal
